// !$*UTF8*$!
{
	archiveVersion = 1;
	classes = {
	};
	objectVersion = 50;
	objects = {

/* Begin PBXBuildFile section */
		4B17FDE723767BB800073A9D /* GridProvider.swift in Sources */ = {isa = PBXBuildFile; fileRef = 4B17FDE623767BB800073A9D /* GridProvider.swift */; };
		4B2EB811234A40CA00AB8A4B /* GameViewController.swift in Sources */ = {isa = PBXBuildFile; fileRef = 4B2EB80F234A40CA00AB8A4B /* GameViewController.swift */; };
		4B2EB812234A40CA00AB8A4B /* GameViewController.xib in Resources */ = {isa = PBXBuildFile; fileRef = 4B2EB810234A40CA00AB8A4B /* GameViewController.xib */; };
		4B2EB815234A40F800AB8A4B /* GameRouter.swift in Sources */ = {isa = PBXBuildFile; fileRef = 4B2EB814234A40F800AB8A4B /* GameRouter.swift */; };
		4B2EB85A234A4B3B00AB8A4B /* CardView.swift in Sources */ = {isa = PBXBuildFile; fileRef = 4B2EB859234A4B3B00AB8A4B /* CardView.swift */; };
		4B2EB860234A4DEA00AB8A4B /* GameLevel.swift in Sources */ = {isa = PBXBuildFile; fileRef = 4B2EB85F234A4DEA00AB8A4B /* GameLevel.swift */; };
		4B2EB862234A4E2200AB8A4B /* Gradients.swift in Sources */ = {isa = PBXBuildFile; fileRef = 4B2EB861234A4E2200AB8A4B /* Gradients.swift */; };
		4B2EB865234A4E8C00AB8A4B /* Nibloadable.swift in Sources */ = {isa = PBXBuildFile; fileRef = 4B2EB864234A4E8C00AB8A4B /* Nibloadable.swift */; };
		4B2EB867234A4F3400AB8A4B /* StyleHelper.swift in Sources */ = {isa = PBXBuildFile; fileRef = 4B2EB866234A4F3400AB8A4B /* StyleHelper.swift */; };
		4B2EB86A234A4FB000AB8A4B /* Card.swift in Sources */ = {isa = PBXBuildFile; fileRef = 4B2EB869234A4FB000AB8A4B /* Card.swift */; };
		4B2EB86C234A507400AB8A4B /* CardIdentifierFactory.swift in Sources */ = {isa = PBXBuildFile; fileRef = 4B2EB86B234A507400AB8A4B /* CardIdentifierFactory.swift */; };
		4B30E386234A67570049165C /* GamePresenter.swift in Sources */ = {isa = PBXBuildFile; fileRef = 4B30E385234A67570049165C /* GamePresenter.swift */; };
		4B30E389234A684B0049165C /* GameInteractor.swift in Sources */ = {isa = PBXBuildFile; fileRef = 4B30E388234A684B0049165C /* GameInteractor.swift */; };
		4B436F9C2360001F003BDD18 /* TiledButton.swift in Sources */ = {isa = PBXBuildFile; fileRef = 4B436F9B2360001F003BDD18 /* TiledButton.swift */; };
		4B52F1A5234F8EB500122139 /* ScoreView.swift in Sources */ = {isa = PBXBuildFile; fileRef = 4B52F1A4234F8EB500122139 /* ScoreView.swift */; };
		4B52F1AC234FA4CF00122139 /* TitledTileView.swift in Sources */ = {isa = PBXBuildFile; fileRef = 4B52F1AB234FA4CF00122139 /* TitledTileView.swift */; };
		4B52F1AF234FA99300122139 /* Tile.swift in Sources */ = {isa = PBXBuildFile; fileRef = 4B52F1AE234FA99300122139 /* Tile.swift */; };
		4B52F1B1234FBFDB00122139 /* FlipAnimator.swift in Sources */ = {isa = PBXBuildFile; fileRef = 4B52F1B0234FBFDB00122139 /* FlipAnimator.swift */; };
		4BE405A6234A3FD60058FD97 /* AppDelegate.swift in Sources */ = {isa = PBXBuildFile; fileRef = 4BE405A5234A3FD60058FD97 /* AppDelegate.swift */; };
		4BE405A8234A3FD60058FD97 /* SceneDelegate.swift in Sources */ = {isa = PBXBuildFile; fileRef = 4BE405A7234A3FD60058FD97 /* SceneDelegate.swift */; };
		4BE405AF234A3FD80058FD97 /* Assets.xcassets in Resources */ = {isa = PBXBuildFile; fileRef = 4BE405AE234A3FD80058FD97 /* Assets.xcassets */; };
		4BE405B2234A3FD80058FD97 /* LaunchScreen.storyboard in Resources */ = {isa = PBXBuildFile; fileRef = 4BE405B0234A3FD80058FD97 /* LaunchScreen.storyboard */; };
/* End PBXBuildFile section */

/* Begin PBXFileReference section */
		4B17FDE623767BB800073A9D /* GridProvider.swift */ = {isa = PBXFileReference; lastKnownFileType = sourcecode.swift; path = GridProvider.swift; sourceTree = "<group>"; };
		4B2EB80F234A40CA00AB8A4B /* GameViewController.swift */ = {isa = PBXFileReference; lastKnownFileType = sourcecode.swift; path = GameViewController.swift; sourceTree = "<group>"; };
		4B2EB810234A40CA00AB8A4B /* GameViewController.xib */ = {isa = PBXFileReference; lastKnownFileType = file.xib; path = GameViewController.xib; sourceTree = "<group>"; };
		4B2EB814234A40F800AB8A4B /* GameRouter.swift */ = {isa = PBXFileReference; lastKnownFileType = sourcecode.swift; path = GameRouter.swift; sourceTree = "<group>"; };
		4B2EB859234A4B3B00AB8A4B /* CardView.swift */ = {isa = PBXFileReference; lastKnownFileType = sourcecode.swift; path = CardView.swift; sourceTree = "<group>"; };
		4B2EB85F234A4DEA00AB8A4B /* GameLevel.swift */ = {isa = PBXFileReference; lastKnownFileType = sourcecode.swift; path = GameLevel.swift; sourceTree = "<group>"; };
		4B2EB861234A4E2200AB8A4B /* Gradients.swift */ = {isa = PBXFileReference; lastKnownFileType = sourcecode.swift; path = Gradients.swift; sourceTree = "<group>"; };
		4B2EB864234A4E8C00AB8A4B /* Nibloadable.swift */ = {isa = PBXFileReference; lastKnownFileType = sourcecode.swift; path = Nibloadable.swift; sourceTree = "<group>"; };
		4B2EB866234A4F3400AB8A4B /* StyleHelper.swift */ = {isa = PBXFileReference; lastKnownFileType = sourcecode.swift; path = StyleHelper.swift; sourceTree = "<group>"; };
		4B2EB869234A4FB000AB8A4B /* Card.swift */ = {isa = PBXFileReference; lastKnownFileType = sourcecode.swift; path = Card.swift; sourceTree = "<group>"; };
		4B2EB86B234A507400AB8A4B /* CardIdentifierFactory.swift */ = {isa = PBXFileReference; lastKnownFileType = sourcecode.swift; path = CardIdentifierFactory.swift; sourceTree = "<group>"; };
		4B30E385234A67570049165C /* GamePresenter.swift */ = {isa = PBXFileReference; lastKnownFileType = sourcecode.swift; path = GamePresenter.swift; sourceTree = "<group>"; };
		4B30E388234A684B0049165C /* GameInteractor.swift */ = {isa = PBXFileReference; lastKnownFileType = sourcecode.swift; path = GameInteractor.swift; sourceTree = "<group>"; };
		4B436F9B2360001F003BDD18 /* TiledButton.swift */ = {isa = PBXFileReference; lastKnownFileType = sourcecode.swift; path = TiledButton.swift; sourceTree = "<group>"; };
		4B52F1A4234F8EB500122139 /* ScoreView.swift */ = {isa = PBXFileReference; lastKnownFileType = sourcecode.swift; path = ScoreView.swift; sourceTree = "<group>"; };
		4B52F1AB234FA4CF00122139 /* TitledTileView.swift */ = {isa = PBXFileReference; lastKnownFileType = sourcecode.swift; path = TitledTileView.swift; sourceTree = "<group>"; };
		4B52F1AE234FA99300122139 /* Tile.swift */ = {isa = PBXFileReference; lastKnownFileType = sourcecode.swift; path = Tile.swift; sourceTree = "<group>"; };
		4B52F1B0234FBFDB00122139 /* FlipAnimator.swift */ = {isa = PBXFileReference; lastKnownFileType = sourcecode.swift; path = FlipAnimator.swift; sourceTree = "<group>"; };
		4BE405A2234A3FD60058FD97 /* Matchy.app */ = {isa = PBXFileReference; explicitFileType = wrapper.application; includeInIndex = 0; path = Matchy.app; sourceTree = BUILT_PRODUCTS_DIR; };
		4BE405A5234A3FD60058FD97 /* AppDelegate.swift */ = {isa = PBXFileReference; lastKnownFileType = sourcecode.swift; path = AppDelegate.swift; sourceTree = "<group>"; };
		4BE405A7234A3FD60058FD97 /* SceneDelegate.swift */ = {isa = PBXFileReference; lastKnownFileType = sourcecode.swift; path = SceneDelegate.swift; sourceTree = "<group>"; };
		4BE405AE234A3FD80058FD97 /* Assets.xcassets */ = {isa = PBXFileReference; lastKnownFileType = folder.assetcatalog; path = Assets.xcassets; sourceTree = "<group>"; };
		4BE405B1234A3FD80058FD97 /* Base */ = {isa = PBXFileReference; lastKnownFileType = file.storyboard; name = Base; path = Base.lproj/LaunchScreen.storyboard; sourceTree = "<group>"; };
		4BE405B3234A3FD80058FD97 /* Info.plist */ = {isa = PBXFileReference; lastKnownFileType = text.plist.xml; path = Info.plist; sourceTree = "<group>"; };
/* End PBXFileReference section */

/* Begin PBXFrameworksBuildPhase section */
		4BE4059F234A3FD60058FD97 /* Frameworks */ = {
			isa = PBXFrameworksBuildPhase;
			buildActionMask = 2147483647;
			files = (
			);
			runOnlyForDeploymentPostprocessing = 0;
		};
/* End PBXFrameworksBuildPhase section */

/* Begin PBXGroup section */
		4B2EB80B234A405100AB8A4B /* View Controllers */ = {
			isa = PBXGroup;
			children = (
				4B2EB80F234A40CA00AB8A4B /* GameViewController.swift */,
				4B30E385234A67570049165C /* GamePresenter.swift */,
				4B2EB810234A40CA00AB8A4B /* GameViewController.xib */,
			);
			path = "View Controllers";
			sourceTree = "<group>";
		};
		4B2EB80C234A405D00AB8A4B /* Supporting Files */ = {
			isa = PBXGroup;
			children = (
				4BE405A5234A3FD60058FD97 /* AppDelegate.swift */,
				4BE405A7234A3FD60058FD97 /* SceneDelegate.swift */,
				4BE405AE234A3FD80058FD97 /* Assets.xcassets */,
				4BE405B0234A3FD80058FD97 /* LaunchScreen.storyboard */,
			);
			path = "Supporting Files";
			sourceTree = "<group>";
		};
		4B2EB813234A40DB00AB8A4B /* Routers */ = {
			isa = PBXGroup;
			children = (
				4B2EB814234A40F800AB8A4B /* GameRouter.swift */,
			);
			path = Routers;
			sourceTree = "<group>";
		};
		4B2EB858234A4B2200AB8A4B /* Views */ = {
			isa = PBXGroup;
			children = (
				4B2EB85B234A4B4000AB8A4B /* Custom Views */,
			);
			path = Views;
			sourceTree = "<group>";
		};
		4B2EB85B234A4B4000AB8A4B /* Custom Views */ = {
			isa = PBXGroup;
			children = (
				4B52F1AD234FA98700122139 /* Tile */,
				4B52F1AA234FA49F00122139 /* Titled Tile */,
				4B52F1A3234F8E9D00122139 /* Score */,
				4B2EB85C234A4B4C00AB8A4B /* Card */,
				4B436F9B2360001F003BDD18 /* TiledButton.swift */,
			);
			path = "Custom Views";
			sourceTree = "<group>";
		};
		4B2EB85C234A4B4C00AB8A4B /* Card */ = {
			isa = PBXGroup;
			children = (
				4B2EB859234A4B3B00AB8A4B /* CardView.swift */,
			);
			path = Card;
			sourceTree = "<group>";
		};
		4B2EB85E234A4DC900AB8A4B /* Objects */ = {
			isa = PBXGroup;
			children = (
				4B2EB85F234A4DEA00AB8A4B /* GameLevel.swift */,
				4B2EB861234A4E2200AB8A4B /* Gradients.swift */,
				4B2EB86B234A507400AB8A4B /* CardIdentifierFactory.swift */,
				4B52F1B0234FBFDB00122139 /* FlipAnimator.swift */,
				4B17FDE623767BB800073A9D /* GridProvider.swift */,
			);
			path = Objects;
			sourceTree = "<group>";
		};
		4B2EB863234A4E7000AB8A4B /* Protocols */ = {
			isa = PBXGroup;
			children = (
				4B2EB864234A4E8C00AB8A4B /* Nibloadable.swift */,
				4B2EB866234A4F3400AB8A4B /* StyleHelper.swift */,
			);
			path = Protocols;
			sourceTree = "<group>";
		};
		4B2EB868234A4FA500AB8A4B /* Models */ = {
			isa = PBXGroup;
			children = (
				4B2EB869234A4FB000AB8A4B /* Card.swift */,
			);
			path = Models;
			sourceTree = "<group>";
		};
		4B30E381234A667A0049165C /* DataSources */ = {
			isa = PBXGroup;
			children = (
			);
			path = DataSources;
			sourceTree = "<group>";
		};
		4B30E387234A68370049165C /* Interactor */ = {
			isa = PBXGroup;
			children = (
				4B30E388234A684B0049165C /* GameInteractor.swift */,
			);
			path = Interactor;
			sourceTree = "<group>";
		};
		4B52F1A3234F8E9D00122139 /* Score */ = {
			isa = PBXGroup;
			children = (
				4B52F1A4234F8EB500122139 /* ScoreView.swift */,
			);
			path = Score;
			sourceTree = "<group>";
		};
		4B52F1AA234FA49F00122139 /* Titled Tile */ = {
			isa = PBXGroup;
			children = (
				4B52F1AB234FA4CF00122139 /* TitledTileView.swift */,
			);
			path = "Titled Tile";
			sourceTree = "<group>";
		};
		4B52F1AD234FA98700122139 /* Tile */ = {
			isa = PBXGroup;
			children = (
				4B52F1AE234FA99300122139 /* Tile.swift */,
			);
			path = Tile;
			sourceTree = "<group>";
		};
		4BE40599234A3FD60058FD97 = {
			isa = PBXGroup;
			children = (
				4BE405A4234A3FD60058FD97 /* Matchy */,
				4BE405A3234A3FD60058FD97 /* Products */,
			);
			sourceTree = "<group>";
		};
		4BE405A3234A3FD60058FD97 /* Products */ = {
			isa = PBXGroup;
			children = (
				4BE405A2234A3FD60058FD97 /* Matchy.app */,
			);
			name = Products;
			sourceTree = "<group>";
		};
		4BE405A4234A3FD60058FD97 /* Matchy */ = {
			isa = PBXGroup;
			children = (
				4B30E381234A667A0049165C /* DataSources */,
				4B2EB868234A4FA500AB8A4B /* Models */,
				4B2EB863234A4E7000AB8A4B /* Protocols */,
				4B2EB85E234A4DC900AB8A4B /* Objects */,
				4B2EB858234A4B2200AB8A4B /* Views */,
				4B2EB813234A40DB00AB8A4B /* Routers */,
				4B2EB80C234A405D00AB8A4B /* Supporting Files */,
				4B30E387234A68370049165C /* Interactor */,
				4B2EB80B234A405100AB8A4B /* View Controllers */,
				4BE405B3234A3FD80058FD97 /* Info.plist */,
			);
			path = Matchy;
			sourceTree = "<group>";
		};
/* End PBXGroup section */

/* Begin PBXNativeTarget section */
		4BE405A1234A3FD60058FD97 /* Matchy */ = {
			isa = PBXNativeTarget;
			buildConfigurationList = 4BE405B6234A3FD80058FD97 /* Build configuration list for PBXNativeTarget "Matchy" */;
			buildPhases = (
				4BE4059E234A3FD60058FD97 /* Sources */,
				4BE4059F234A3FD60058FD97 /* Frameworks */,
				4BE405A0234A3FD60058FD97 /* Resources */,
			);
			buildRules = (
			);
			dependencies = (
			);
			name = Matchy;
			productName = Matchy;
			productReference = 4BE405A2234A3FD60058FD97 /* Matchy.app */;
			productType = "com.apple.product-type.application";
		};
/* End PBXNativeTarget section */

/* Begin PBXProject section */
		4BE4059A234A3FD60058FD97 /* Project object */ = {
			isa = PBXProject;
			attributes = {
				LastSwiftUpdateCheck = 1100;
				LastUpgradeCheck = 1100;
				ORGANIZATIONNAME = "Nikolai Prokofev";
				TargetAttributes = {
					4BE405A1234A3FD60058FD97 = {
						CreatedOnToolsVersion = 11.0;
					};
				};
			};
			buildConfigurationList = 4BE4059D234A3FD60058FD97 /* Build configuration list for PBXProject "Matchy" */;
			compatibilityVersion = "Xcode 9.3";
			developmentRegion = en;
			hasScannedForEncodings = 0;
			knownRegions = (
				en,
				Base,
			);
			mainGroup = 4BE40599234A3FD60058FD97;
			productRefGroup = 4BE405A3234A3FD60058FD97 /* Products */;
			projectDirPath = "";
			projectRoot = "";
			targets = (
				4BE405A1234A3FD60058FD97 /* Matchy */,
			);
		};
/* End PBXProject section */

/* Begin PBXResourcesBuildPhase section */
		4BE405A0234A3FD60058FD97 /* Resources */ = {
			isa = PBXResourcesBuildPhase;
			buildActionMask = 2147483647;
			files = (
				4BE405B2234A3FD80058FD97 /* LaunchScreen.storyboard in Resources */,
				4BE405AF234A3FD80058FD97 /* Assets.xcassets in Resources */,
				4B2EB812234A40CA00AB8A4B /* GameViewController.xib in Resources */,
			);
			runOnlyForDeploymentPostprocessing = 0;
		};
/* End PBXResourcesBuildPhase section */

/* Begin PBXSourcesBuildPhase section */
		4BE4059E234A3FD60058FD97 /* Sources */ = {
			isa = PBXSourcesBuildPhase;
			buildActionMask = 2147483647;
			files = (
				4B436F9C2360001F003BDD18 /* TiledButton.swift in Sources */,
				4B2EB815234A40F800AB8A4B /* GameRouter.swift in Sources */,
				4B52F1AF234FA99300122139 /* Tile.swift in Sources */,
				4B52F1A5234F8EB500122139 /* ScoreView.swift in Sources */,
				4B2EB86C234A507400AB8A4B /* CardIdentifierFactory.swift in Sources */,
				4B2EB867234A4F3400AB8A4B /* StyleHelper.swift in Sources */,
				4B2EB865234A4E8C00AB8A4B /* Nibloadable.swift in Sources */,
				4B30E386234A67570049165C /* GamePresenter.swift in Sources */,
				4B52F1AC234FA4CF00122139 /* TitledTileView.swift in Sources */,
				4B30E389234A684B0049165C /* GameInteractor.swift in Sources */,
				4BE405A6234A3FD60058FD97 /* AppDelegate.swift in Sources */,
				4B2EB811234A40CA00AB8A4B /* GameViewController.swift in Sources */,
				4BE405A8234A3FD60058FD97 /* SceneDelegate.swift in Sources */,
				4B2EB85A234A4B3B00AB8A4B /* CardView.swift in Sources */,
				4B17FDE723767BB800073A9D /* GridProvider.swift in Sources */,
				4B2EB86A234A4FB000AB8A4B /* Card.swift in Sources */,
				4B2EB862234A4E2200AB8A4B /* Gradients.swift in Sources */,
				4B2EB860234A4DEA00AB8A4B /* GameLevel.swift in Sources */,
				4B52F1B1234FBFDB00122139 /* FlipAnimator.swift in Sources */,
			);
			runOnlyForDeploymentPostprocessing = 0;
		};
/* End PBXSourcesBuildPhase section */

/* Begin PBXVariantGroup section */
		4BE405B0234A3FD80058FD97 /* LaunchScreen.storyboard */ = {
			isa = PBXVariantGroup;
			children = (
				4BE405B1234A3FD80058FD97 /* Base */,
			);
			name = LaunchScreen.storyboard;
			sourceTree = "<group>";
		};
/* End PBXVariantGroup section */

/* Begin XCBuildConfiguration section */
		4BE405B4234A3FD80058FD97 /* Debug */ = {
			isa = XCBuildConfiguration;
			buildSettings = {
				ALWAYS_SEARCH_USER_PATHS = NO;
				CLANG_ANALYZER_NONNULL = YES;
				CLANG_ANALYZER_NUMBER_OBJECT_CONVERSION = YES_AGGRESSIVE;
				CLANG_CXX_LANGUAGE_STANDARD = "gnu++14";
				CLANG_CXX_LIBRARY = "libc++";
				CLANG_ENABLE_MODULES = YES;
				CLANG_ENABLE_OBJC_ARC = YES;
				CLANG_ENABLE_OBJC_WEAK = YES;
				CLANG_WARN_BLOCK_CAPTURE_AUTORELEASING = YES;
				CLANG_WARN_BOOL_CONVERSION = YES;
				CLANG_WARN_COMMA = YES;
				CLANG_WARN_CONSTANT_CONVERSION = YES;
				CLANG_WARN_DEPRECATED_OBJC_IMPLEMENTATIONS = YES;
				CLANG_WARN_DIRECT_OBJC_ISA_USAGE = YES_ERROR;
				CLANG_WARN_DOCUMENTATION_COMMENTS = YES;
				CLANG_WARN_EMPTY_BODY = YES;
				CLANG_WARN_ENUM_CONVERSION = YES;
				CLANG_WARN_INFINITE_RECURSION = YES;
				CLANG_WARN_INT_CONVERSION = YES;
				CLANG_WARN_NON_LITERAL_NULL_CONVERSION = YES;
				CLANG_WARN_OBJC_IMPLICIT_RETAIN_SELF = YES;
				CLANG_WARN_OBJC_LITERAL_CONVERSION = YES;
				CLANG_WARN_OBJC_ROOT_CLASS = YES_ERROR;
				CLANG_WARN_RANGE_LOOP_ANALYSIS = YES;
				CLANG_WARN_STRICT_PROTOTYPES = YES;
				CLANG_WARN_SUSPICIOUS_MOVE = YES;
				CLANG_WARN_UNGUARDED_AVAILABILITY = YES_AGGRESSIVE;
				CLANG_WARN_UNREACHABLE_CODE = YES;
				CLANG_WARN__DUPLICATE_METHOD_MATCH = YES;
				COPY_PHASE_STRIP = NO;
				DEBUG_INFORMATION_FORMAT = dwarf;
				ENABLE_STRICT_OBJC_MSGSEND = YES;
				ENABLE_TESTABILITY = YES;
				GCC_C_LANGUAGE_STANDARD = gnu11;
				GCC_DYNAMIC_NO_PIC = NO;
				GCC_NO_COMMON_BLOCKS = YES;
				GCC_OPTIMIZATION_LEVEL = 0;
				GCC_PREPROCESSOR_DEFINITIONS = (
					"DEBUG=1",
					"$(inherited)",
				);
				GCC_WARN_64_TO_32_BIT_CONVERSION = YES;
				GCC_WARN_ABOUT_RETURN_TYPE = YES_ERROR;
				GCC_WARN_UNDECLARED_SELECTOR = YES;
				GCC_WARN_UNINITIALIZED_AUTOS = YES_AGGRESSIVE;
				GCC_WARN_UNUSED_FUNCTION = YES;
				GCC_WARN_UNUSED_VARIABLE = YES;
				IPHONEOS_DEPLOYMENT_TARGET = 12.0;
				MTL_ENABLE_DEBUG_INFO = INCLUDE_SOURCE;
				MTL_FAST_MATH = YES;
				ONLY_ACTIVE_ARCH = YES;
				SDKROOT = iphoneos;
				SWIFT_ACTIVE_COMPILATION_CONDITIONS = DEBUG;
				SWIFT_OPTIMIZATION_LEVEL = "-Onone";
			};
			name = Debug;
		};
		4BE405B5234A3FD80058FD97 /* Release */ = {
			isa = XCBuildConfiguration;
			buildSettings = {
				ALWAYS_SEARCH_USER_PATHS = NO;
				CLANG_ANALYZER_NONNULL = YES;
				CLANG_ANALYZER_NUMBER_OBJECT_CONVERSION = YES_AGGRESSIVE;
				CLANG_CXX_LANGUAGE_STANDARD = "gnu++14";
				CLANG_CXX_LIBRARY = "libc++";
				CLANG_ENABLE_MODULES = YES;
				CLANG_ENABLE_OBJC_ARC = YES;
				CLANG_ENABLE_OBJC_WEAK = YES;
				CLANG_WARN_BLOCK_CAPTURE_AUTORELEASING = YES;
				CLANG_WARN_BOOL_CONVERSION = YES;
				CLANG_WARN_COMMA = YES;
				CLANG_WARN_CONSTANT_CONVERSION = YES;
				CLANG_WARN_DEPRECATED_OBJC_IMPLEMENTATIONS = YES;
				CLANG_WARN_DIRECT_OBJC_ISA_USAGE = YES_ERROR;
				CLANG_WARN_DOCUMENTATION_COMMENTS = YES;
				CLANG_WARN_EMPTY_BODY = YES;
				CLANG_WARN_ENUM_CONVERSION = YES;
				CLANG_WARN_INFINITE_RECURSION = YES;
				CLANG_WARN_INT_CONVERSION = YES;
				CLANG_WARN_NON_LITERAL_NULL_CONVERSION = YES;
				CLANG_WARN_OBJC_IMPLICIT_RETAIN_SELF = YES;
				CLANG_WARN_OBJC_LITERAL_CONVERSION = YES;
				CLANG_WARN_OBJC_ROOT_CLASS = YES_ERROR;
				CLANG_WARN_RANGE_LOOP_ANALYSIS = YES;
				CLANG_WARN_STRICT_PROTOTYPES = YES;
				CLANG_WARN_SUSPICIOUS_MOVE = YES;
				CLANG_WARN_UNGUARDED_AVAILABILITY = YES_AGGRESSIVE;
				CLANG_WARN_UNREACHABLE_CODE = YES;
				CLANG_WARN__DUPLICATE_METHOD_MATCH = YES;
				COPY_PHASE_STRIP = NO;
				DEBUG_INFORMATION_FORMAT = "dwarf-with-dsym";
				ENABLE_NS_ASSERTIONS = NO;
				ENABLE_STRICT_OBJC_MSGSEND = YES;
				GCC_C_LANGUAGE_STANDARD = gnu11;
				GCC_NO_COMMON_BLOCKS = YES;
				GCC_WARN_64_TO_32_BIT_CONVERSION = YES;
				GCC_WARN_ABOUT_RETURN_TYPE = YES_ERROR;
				GCC_WARN_UNDECLARED_SELECTOR = YES;
				GCC_WARN_UNINITIALIZED_AUTOS = YES_AGGRESSIVE;
				GCC_WARN_UNUSED_FUNCTION = YES;
				GCC_WARN_UNUSED_VARIABLE = YES;
				IPHONEOS_DEPLOYMENT_TARGET = 12.0;
				MTL_ENABLE_DEBUG_INFO = NO;
				MTL_FAST_MATH = YES;
				SDKROOT = iphoneos;
				SWIFT_COMPILATION_MODE = wholemodule;
				SWIFT_OPTIMIZATION_LEVEL = "-O";
				VALIDATE_PRODUCT = YES;
			};
			name = Release;
		};
		4BE405B7234A3FD80058FD97 /* Debug */ = {
			isa = XCBuildConfiguration;
			buildSettings = {
				ASSETCATALOG_COMPILER_APPICON_NAME = AppIcon;
				CODE_SIGN_STYLE = Automatic;
				DEVELOPMENT_TEAM = 2RDEFER5FF;
				INFOPLIST_FILE = Matchy/Info.plist;
				LD_RUNPATH_SEARCH_PATHS = (
					"$(inherited)",
					"@executable_path/Frameworks",
				);
				PRODUCT_BUNDLE_IDENTIFIER = com.np.Matchy;
				PRODUCT_NAME = "$(TARGET_NAME)";
				SWIFT_VERSION = 5.0;
				TARGETED_DEVICE_FAMILY = 1;
			};
			name = Debug;
		};
		4BE405B8234A3FD80058FD97 /* Release */ = {
			isa = XCBuildConfiguration;
			buildSettings = {
				ASSETCATALOG_COMPILER_APPICON_NAME = AppIcon;
				CODE_SIGN_STYLE = Automatic;
				DEVELOPMENT_TEAM = 2RDEFER5FF;
				INFOPLIST_FILE = Matchy/Info.plist;
				LD_RUNPATH_SEARCH_PATHS = (
					"$(inherited)",
					"@executable_path/Frameworks",
				);
				PRODUCT_BUNDLE_IDENTIFIER = com.np.Matchy;
				PRODUCT_NAME = "$(TARGET_NAME)";
				SWIFT_VERSION = 5.0;
				TARGETED_DEVICE_FAMILY = 1;
			};
			name = Release;
		};
/* End XCBuildConfiguration section */

/* Begin XCConfigurationList section */
		4BE4059D234A3FD60058FD97 /* Build configuration list for PBXProject "Matchy" */ = {
			isa = XCConfigurationList;
			buildConfigurations = (
				4BE405B4234A3FD80058FD97 /* Debug */,
				4BE405B5234A3FD80058FD97 /* Release */,
			);
			defaultConfigurationIsVisible = 0;
			defaultConfigurationName = Release;
		};
		4BE405B6234A3FD80058FD97 /* Build configuration list for PBXNativeTarget "Matchy" */ = {
			isa = XCConfigurationList;
			buildConfigurations = (
				4BE405B7234A3FD80058FD97 /* Debug */,
				4BE405B8234A3FD80058FD97 /* Release */,
			);
			defaultConfigurationIsVisible = 0;
			defaultConfigurationName = Release;
		};
/* End XCConfigurationList section */
	};
	rootObject = 4BE4059A234A3FD60058FD97 /* Project object */;
}
